lockfileVersion: '9.0'

settings:
  autoInstallPeers: true
  excludeLinksFromLockfile: false

importers:

  .:
    dependencies:
      csv-writer:
        specifier: ^1.6.0
        version: 1.6.0
      youtubei.js:
        specifier: ^13.0.0
        version: 13.0.0

packages:

  '@bufbuild/protobuf@2.2.3':
    resolution: {integrity: sha512-tFQoXHJdkEOSwj5tRIZSPNUuXK3RaR7T1nUrPgbYX1pUbvqqaaZAsfo+NXBPsz5rZMSKVFrgK1WL8Q/MSLvprg==}

  '@fastify/busboy@2.1.1':
    resolution: {integrity: sha512-vBZP4NlzfOlerQTnba4aqZoMhE/a9HY7HRqoOPaETQcSQuWEIyZMHGfVu6w9wGtGK5fED5qRs2DteVCjOH60sA==}
    engines: {node: '>=14'}

  acorn@8.14.0:
    resolution: {integrity: sha512-cl669nCJTZBsL97OF4kUQm5g5hC2uihk0NxY3WENAC0TYdILVkAyHymAntgxGkl7K+t0cXIrH5siy5S4XkFycA==}
    engines: {node: '>=0.4.0'}
    hasBin: true

  csv-writer@1.6.0:
    resolution: {integrity: sha512-NOx7YDFWEsM/fTRAJjRpPp8t+MKRVvniAg9wQlUKx20MFrPs73WLJhFf5iteqrxNYnsy924K3Iroh3yNHeYd2g==}

  jintr@3.2.0:
    resolution: {integrity: sha512-psD1yf05kMKDNsUdW1l5YhO59pHScQ6OIHHb8W5SKSM2dCOFPsqolmIuSHgVA8+3Dc47NJR181CXZ4alCAPTkA==}

  tslib@2.8.1:
    resolution: {integrity: sha512-oJFu94HQb+KVduSUQL7wnpmqnfmLsOA/nAh6b6EH0wCEoK0/mPeXU6c3wKDV83MkOuHPRHtSXKKU99IBazS/2w==}

  undici@5.28.5:
    resolution: {integrity: sha512-zICwjrDrcrUE0pyyJc1I2QzBkLM8FINsgOrt6WjA+BgajVq9Nxu2PbFFXUrAggLfDXlZGZBVZYw7WNV5KiBiBA==}
    engines: {node: '>=14.0'}

  youtubei.js@13.0.0:
    resolution: {integrity: sha512-b1QkN9bfgphK+5tI4qteSK54kNxmPhoedvMw0jl4uSn+L8gbDbJ4z52amNuYNcOdp4X/SI3JuUb+f5V0DPJ8Vw==}

snapshots:

  '@bufbuild/protobuf@2.2.3': {}

  '@fastify/busboy@2.1.1': {}

  acorn@8.14.0: {}

  csv-writer@1.6.0: {}

  jintr@3.2.0:
    dependencies:
      acorn: 8.14.0

  tslib@2.8.1: {}

  undici@5.28.5:
    dependencies:
      '@fastify/busboy': 2.1.1

  youtubei.js@13.0.0:
    dependencies:
      '@bufbuild/protobuf': 2.2.3
      jintr: 3.2.0
      tslib: 2.8.1
      undici: 5.28.5
